
Microsoft Visual Studio Solution File, Format Version 11.00
# Visual Studio 2010
Project("{8BC9CEB8-8B4A-11D0-8D11-00A0C91BC942}") = "GreatDevelop 1.0.0", "GreatDevelop 1.0.0\GreatDevelop 1.0.0.vcxproj", "{3CCD65B4-231D-4529-AD8D-FF169085EE2E}"
EndProject
Global
	GlobalSection(SolutionConfigurationPlatforms) = preSolution
		GS_CS|Win32 = GS_CS|Win32
		GS|Win32 = GS|Win32
	EndGlobalSection
	GlobalSection(ProjectConfigurationPlatforms) = postSolution
		{3CCD65B4-231D-4529-AD8D-FF169085EE2E}.GS_CS|Win32.ActiveCfg = GS_CS|Win32
		{3CCD65B4-231D-4529-AD8D-FF169085EE2E}.GS_CS|Win32.Build.0 = GS_CS|Win32
		{3CCD65B4-231D-4529-AD8D-FF169085EE2E}.GS|Win32.ActiveCfg = GS|Win32
		{3CCD65B4-231D-4529-AD8D-FF169085EE2E}.GS|Win32.Build.0 = GS|Win32
	EndGlobalSection
	GlobalSection(SolutionProperties) = preSolution
		HideSolutionNode = FALSE
	EndGlobalSection
EndGlobal
